
Microsoft Visual Studio Solution File, Format Version 12.00
# Visual Studio Version 17
VisualStudioVersion = 17.3.32804.467
MinimumVisualStudioVersion = 10.0.40219.1
Project("{9A19103F-16F7-4668-BE54-9A1E7A4F7556}") = "MVC_Basics", "MVC_Basics.csproj", "{4B81B4EF-D84E-4FBF-A729-770117158DC6}"
EndProject
Global
	GlobalSection(SolutionConfigurationPlatforms) = preSolution
		Debug|Any CPU = Debug|Any CPU
		Release|Any CPU = Release|Any CPU
	EndGlobalSection
	GlobalSection(ProjectConfigurationPlatforms) = postSolution
		{4B81B4EF-D84E-4FBF-A729-770117158DC6}.Debug|Any CPU.ActiveCfg = Debug|Any CPU
		{4B81B4EF-D84E-4FBF-A729-770117158DC6}.Debug|Any CPU.Build.0 = Debug|Any CPU
		{4B81B4EF-D84E-4FBF-A729-770117158DC6}.Release|Any CPU.ActiveCfg = Release|Any CPU
		{4B81B4EF-D84E-4FBF-A729-770117158DC6}.Release|Any CPU.Build.0 = Release|Any CPU
	EndGlobalSection
	GlobalSection(SolutionProperties) = preSolution
		HideSolutionNode = FALSE
	EndGlobalSection
	GlobalSection(ExtensibilityGlobals) = postSolution
		SolutionGuid = {CD3F09EB-9C5C-416B-8901-ADB954A379CF}
	EndGlobalSection
EndGlobal
